
Microsoft Visual Studio Solution File, Format Version 12.00
# Visual Studio Version 16
VisualStudioVersion = 16.0.31205.134
MinimumVisualStudioVersion = 10.0.40219.1
Project("{FAE04EC0-301F-11D3-BF4B-00C04F79EFBC}") = "LibreriaClases", "LibreriaClases\LibreriaClases.csproj", "{89F9AF91-5FD6-4A61-AC51-17A0C98EA9F9}"
EndProject
Project("{FAE04EC0-301F-11D3-BF4B-00C04F79EFBC}") = "ConsoleUI", "ConsoleUI\ConsoleUI.csproj", "{84CF88B3-045C-42AC-BE3F-9C4710CDCF03}"
EndProject
Project("{FAE04EC0-301F-11D3-BF4B-00C04F79EFBC}") = "FormsUI", "FormsUI\FormsUI.csproj", "{20D605B9-1599-4AE5-81FA-FCD1D2975C94}"
EndProject
Project("{FAE04EC0-301F-11D3-BF4B-00C04F79EFBC}") = "ColegioLibrerias", "ColegioLibrerias\ColegioLibrerias.csproj", "{F2001B5C-C571-4A79-83D8-3E68D9C8CFDB}"
EndProject
Project("{FAE04EC0-301F-11D3-BF4B-00C04F79EFBC}") = "ColegioForms", "ColegioForms\ColegioForms.csproj", "{E4FD728E-6438-4716-A339-AD9E9579FA2D}"
EndProject
Project("{FAE04EC0-301F-11D3-BF4B-00C04F79EFBC}") = "ColegioConsole", "ColegioConsole\ColegioConsole.csproj", "{CE6D45C6-6DF9-435B-AF93-E264C94D5B3E}"
EndProject
Project("{FAE04EC0-301F-11D3-BF4B-00C04F79EFBC}") = "VehiculosLibrary", "VehiculosLibrary\VehiculosLibrary.csproj", "{1618A5E3-BC86-4462-ABE4-F11053AD8AAD}"
EndProject
Project("{FAE04EC0-301F-11D3-BF4B-00C04F79EFBC}") = "ManejadorVehiculosForms", "ManejadorVehiculosForms\ManejadorVehiculosForms.csproj", "{A9F0AB47-5FC9-447E-8B2E-C15498F6A5F1}"
EndProject
Project("{FAE04EC0-301F-11D3-BF4B-00C04F79EFBC}") = "EjerciciosPreEx", "EjerciciosPreEx\EjerciciosPreEx.csproj", "{4212EFA3-6023-423C-B1C7-FB1CEF849B36}"
EndProject
Global
	GlobalSection(SolutionConfigurationPlatforms) = preSolution
		Debug|Any CPU = Debug|Any CPU
		Release|Any CPU = Release|Any CPU
	EndGlobalSection
	GlobalSection(ProjectConfigurationPlatforms) = postSolution
		{89F9AF91-5FD6-4A61-AC51-17A0C98EA9F9}.Debug|Any CPU.ActiveCfg = Debug|Any CPU
		{89F9AF91-5FD6-4A61-AC51-17A0C98EA9F9}.Debug|Any CPU.Build.0 = Debug|Any CPU
		{89F9AF91-5FD6-4A61-AC51-17A0C98EA9F9}.Release|Any CPU.ActiveCfg = Release|Any CPU
		{89F9AF91-5FD6-4A61-AC51-17A0C98EA9F9}.Release|Any CPU.Build.0 = Release|Any CPU
		{84CF88B3-045C-42AC-BE3F-9C4710CDCF03}.Debug|Any CPU.ActiveCfg = Debug|Any CPU
		{84CF88B3-045C-42AC-BE3F-9C4710CDCF03}.Debug|Any CPU.Build.0 = Debug|Any CPU
		{84CF88B3-045C-42AC-BE3F-9C4710CDCF03}.Release|Any CPU.ActiveCfg = Release|Any CPU
		{84CF88B3-045C-42AC-BE3F-9C4710CDCF03}.Release|Any CPU.Build.0 = Release|Any CPU
		{20D605B9-1599-4AE5-81FA-FCD1D2975C94}.Debug|Any CPU.ActiveCfg = Debug|Any CPU
		{20D605B9-1599-4AE5-81FA-FCD1D2975C94}.Debug|Any CPU.Build.0 = Debug|Any CPU
		{20D605B9-1599-4AE5-81FA-FCD1D2975C94}.Release|Any CPU.ActiveCfg = Release|Any CPU
		{20D605B9-1599-4AE5-81FA-FCD1D2975C94}.Release|Any CPU.Build.0 = Release|Any CPU
		{F2001B5C-C571-4A79-83D8-3E68D9C8CFDB}.Debug|Any CPU.ActiveCfg = Debug|Any CPU
		{F2001B5C-C571-4A79-83D8-3E68D9C8CFDB}.Debug|Any CPU.Build.0 = Debug|Any CPU
		{F2001B5C-C571-4A79-83D8-3E68D9C8CFDB}.Release|Any CPU.ActiveCfg = Release|Any CPU
		{F2001B5C-C571-4A79-83D8-3E68D9C8CFDB}.Release|Any CPU.Build.0 = Release|Any CPU
		{E4FD728E-6438-4716-A339-AD9E9579FA2D}.Debug|Any CPU.ActiveCfg = Debug|Any CPU
		{E4FD728E-6438-4716-A339-AD9E9579FA2D}.Debug|Any CPU.Build.0 = Debug|Any CPU
		{E4FD728E-6438-4716-A339-AD9E9579FA2D}.Release|Any CPU.ActiveCfg = Release|Any CPU
		{E4FD728E-6438-4716-A339-AD9E9579FA2D}.Release|Any CPU.Build.0 = Release|Any CPU
		{CE6D45C6-6DF9-435B-AF93-E264C94D5B3E}.Debug|Any CPU.ActiveCfg = Debug|Any CPU
		{CE6D45C6-6DF9-435B-AF93-E264C94D5B3E}.Debug|Any CPU.Build.0 = Debug|Any CPU
		{CE6D45C6-6DF9-435B-AF93-E264C94D5B3E}.Release|Any CPU.ActiveCfg = Release|Any CPU
		{CE6D45C6-6DF9-435B-AF93-E264C94D5B3E}.Release|Any CPU.Build.0 = Release|Any CPU
		{1618A5E3-BC86-4462-ABE4-F11053AD8AAD}.Debug|Any CPU.ActiveCfg = Debug|Any CPU
		{1618A5E3-BC86-4462-ABE4-F11053AD8AAD}.Debug|Any CPU.Build.0 = Debug|Any CPU
		{1618A5E3-BC86-4462-ABE4-F11053AD8AAD}.Release|Any CPU.ActiveCfg = Release|Any CPU
		{1618A5E3-BC86-4462-ABE4-F11053AD8AAD}.Release|Any CPU.Build.0 = Release|Any CPU
		{A9F0AB47-5FC9-447E-8B2E-C15498F6A5F1}.Debug|Any CPU.ActiveCfg = Debug|Any CPU
		{A9F0AB47-5FC9-447E-8B2E-C15498F6A5F1}.Debug|Any CPU.Build.0 = Debug|Any CPU
		{A9F0AB47-5FC9-447E-8B2E-C15498F6A5F1}.Release|Any CPU.ActiveCfg = Release|Any CPU
		{A9F0AB47-5FC9-447E-8B2E-C15498F6A5F1}.Release|Any CPU.Build.0 = Release|Any CPU
		{4212EFA3-6023-423C-B1C7-FB1CEF849B36}.Debug|Any CPU.ActiveCfg = Debug|Any CPU
		{4212EFA3-6023-423C-B1C7-FB1CEF849B36}.Debug|Any CPU.Build.0 = Debug|Any CPU
		{4212EFA3-6023-423C-B1C7-FB1CEF849B36}.Release|Any CPU.ActiveCfg = Release|Any CPU
		{4212EFA3-6023-423C-B1C7-FB1CEF849B36}.Release|Any CPU.Build.0 = Release|Any CPU
	EndGlobalSection
	GlobalSection(SolutionProperties) = preSolution
		HideSolutionNode = FALSE
	EndGlobalSection
	GlobalSection(ExtensibilityGlobals) = postSolution
		SolutionGuid = {55AAF5E6-08A5-443D-8B2C-0CD30333D57D}
	EndGlobalSection
EndGlobal
